
Microsoft Visual Studio Solution File, Format Version 12.00
# Visual Studio 15
VisualStudioVersion = 15.0.26403.7
MinimumVisualStudioVersion = 10.0.40219.1
Project("{9A19103F-16F7-4668-BE54-9A1E7A4F7556}") = "KaCake", "src\KaCake\KaCake.csproj", "{023BDA35-053D-4699-B9B8-B3EF395A97FD}"
EndProject
Project("{2150E333-8FDC-42A3-9474-1A3956D46DE8}") = "src", "src", "{D48F5A24-99C0-4200-AC20-C9235A312AFB}"
EndProject
Project("{9A19103F-16F7-4668-BE54-9A1E7A4F7556}") = "KaCake.Data", "src\KaCake.Data\KaCake.Data.csproj", "{6A36D751-5EEB-4E7E-9DB2-35E47D39C454}"
EndProject
Global
	GlobalSection(SolutionConfigurationPlatforms) = preSolution
		Debug|Any CPU = Debug|Any CPU
		Release|Any CPU = Release|Any CPU
	EndGlobalSection
	GlobalSection(ProjectConfigurationPlatforms) = postSolution
		{023BDA35-053D-4699-B9B8-B3EF395A97FD}.Debug|Any CPU.ActiveCfg = Debug|Any CPU
		{023BDA35-053D-4699-B9B8-B3EF395A97FD}.Debug|Any CPU.Build.0 = Debug|Any CPU
		{023BDA35-053D-4699-B9B8-B3EF395A97FD}.Release|Any CPU.ActiveCfg = Release|Any CPU
		{023BDA35-053D-4699-B9B8-B3EF395A97FD}.Release|Any CPU.Build.0 = Release|Any CPU
		{6A36D751-5EEB-4E7E-9DB2-35E47D39C454}.Debug|Any CPU.ActiveCfg = Debug|Any CPU
		{6A36D751-5EEB-4E7E-9DB2-35E47D39C454}.Debug|Any CPU.Build.0 = Debug|Any CPU
		{6A36D751-5EEB-4E7E-9DB2-35E47D39C454}.Release|Any CPU.ActiveCfg = Release|Any CPU
		{6A36D751-5EEB-4E7E-9DB2-35E47D39C454}.Release|Any CPU.Build.0 = Release|Any CPU
	EndGlobalSection
	GlobalSection(SolutionProperties) = preSolution
		HideSolutionNode = FALSE
	EndGlobalSection
	GlobalSection(NestedProjects) = preSolution
		{023BDA35-053D-4699-B9B8-B3EF395A97FD} = {D48F5A24-99C0-4200-AC20-C9235A312AFB}
		{6A36D751-5EEB-4E7E-9DB2-35E47D39C454} = {D48F5A24-99C0-4200-AC20-C9235A312AFB}
	EndGlobalSection
EndGlobal
